// !$*UTF8*$!
{
	archiveVersion = 1;
	classes = {
	};
	objectVersion = 46;
	objects = {

/* Begin PBXBuildFile section */
		187D4DB41B4D74E000C8B11A /* main.m in Sources */ = {isa = PBXBuildFile; fileRef = 187D4DB31B4D74E000C8B11A /* main.m */; };
		187D4DB71B4D74E000C8B11A /* AppDelegate.m in Sources */ = {isa = PBXBuildFile; fileRef = 187D4DB61B4D74E000C8B11A /* AppDelegate.m */; };
		187D4DBA1B4D74E000C8B11A /* ViewController.m in Sources */ = {isa = PBXBuildFile; fileRef = 187D4DB91B4D74E000C8B11A /* ViewController.m */; };
		187D4DBD1B4D74E000C8B11A /* Main.storyboard in Resources */ = {isa = PBXBuildFile; fileRef = 187D4DBB1B4D74E000C8B11A /* Main.storyboard */; };
		187D4DBF1B4D74E000C8B11A /* Images.xcassets in Resources */ = {isa = PBXBuildFile; fileRef = 187D4DBE1B4D74E000C8B11A /* Images.xcassets */; };
		187D4DC21B4D74E000C8B11A /* LaunchScreen.xib in Resources */ = {isa = PBXBuildFile; fileRef = 187D4DC01B4D74E000C8B11A /* LaunchScreen.xib */; };
		187D4DCE1B4D74E000C8B11A /* KYPopupControllerTests.m in Sources */ = {isa = PBXBuildFile; fileRef = 187D4DCD1B4D74E000C8B11A /* KYPopupControllerTests.m */; };
		187D4DFC1B4D7FB800C8B11A /* KYPopupController.m in Sources */ = {isa = PBXBuildFile; fileRef = 187D4DFB1B4D7FB800C8B11A /* KYPopupController.m */; };
		27746DB81B4F74E400D1B95D /* pop_delete@2x.png in Resources */ = {isa = PBXBuildFile; fileRef = 27746DB61B4F74E400D1B95D /* pop_delete@2x.png */; };
		27746DB91B4F74E400D1B95D /* pop_delete@3x.png in Resources */ = {isa = PBXBuildFile; fileRef = 27746DB71B4F74E400D1B95D /* pop_delete@3x.png */; };
		27746DBC1B4FBBE500D1B95D /* dark_pix_line@2x.png in Resources */ = {isa = PBXBuildFile; fileRef = 27746DBA1B4FBBE500D1B95D /* dark_pix_line@2x.png */; };
		27746DBD1B4FBBE500D1B95D /* dark_pix_line@3x.png in Resources */ = {isa = PBXBuildFile; fileRef = 27746DBB1B4FBBE500D1B95D /* dark_pix_line@3x.png */; };
/* End PBXBuildFile section */

/* Begin PBXContainerItemProxy section */
		187D4DC81B4D74E000C8B11A /* PBXContainerItemProxy */ = {
			isa = PBXContainerItemProxy;
			containerPortal = 187D4DA61B4D74E000C8B11A /* Project object */;
			proxyType = 1;
			remoteGlobalIDString = 187D4DAD1B4D74E000C8B11A;
			remoteInfo = KYPopupController;
		};
/* End PBXContainerItemProxy section */

/* Begin PBXFileReference section */
		187D4DAE1B4D74E000C8B11A /* KYPopupController.app */ = {isa = PBXFileReference; explicitFileType = wrapper.application; includeInIndex = 0; path = KYPopupController.app; sourceTree = BUILT_PRODUCTS_DIR; };
		187D4DB21B4D74E000C8B11A /* Info.plist */ = {isa = PBXFileReference; lastKnownFileType = text.plist.xml; path = Info.plist; sourceTree = "<group>"; };
		187D4DB31B4D74E000C8B11A /* main.m */ = {isa = PBXFileReference; lastKnownFileType = sourcecode.c.objc; path = main.m; sourceTree = "<group>"; };
		187D4DB51B4D74E000C8B11A /* AppDelegate.h */ = {isa = PBXFileReference; lastKnownFileType = sourcecode.c.h; path = AppDelegate.h; sourceTree = "<group>"; };
		187D4DB61B4D74E000C8B11A /* AppDelegate.m */ = {isa = PBXFileReference; lastKnownFileType = sourcecode.c.objc; path = AppDelegate.m; sourceTree = "<group>"; };
		187D4DB81B4D74E000C8B11A /* ViewController.h */ = {isa = PBXFileReference; lastKnownFileType = sourcecode.c.h; path = ViewController.h; sourceTree = "<group>"; };
		187D4DB91B4D74E000C8B11A /* ViewController.m */ = {isa = PBXFileReference; lastKnownFileType = sourcecode.c.objc; path = ViewController.m; sourceTree = "<group>"; };
		187D4DBC1B4D74E000C8B11A /* Base */ = {isa = PBXFileReference; lastKnownFileType = file.storyboard; name = Base; path = Base.lproj/Main.storyboard; sourceTree = "<group>"; };
		187D4DBE1B4D74E000C8B11A /* Images.xcassets */ = {isa = PBXFileReference; lastKnownFileType = folder.assetcatalog; path = Images.xcassets; sourceTree = "<group>"; };
		187D4DC11B4D74E000C8B11A /* Base */ = {isa = PBXFileReference; lastKnownFileType = file.xib; name = Base; path = Base.lproj/LaunchScreen.xib; sourceTree = "<group>"; };
		187D4DC71B4D74E000C8B11A /* KYPopupControllerTests.xctest */ = {isa = PBXFileReference; explicitFileType = wrapper.cfbundle; includeInIndex = 0; path = KYPopupControllerTests.xctest; sourceTree = BUILT_PRODUCTS_DIR; };
		187D4DCC1B4D74E000C8B11A /* Info.plist */ = {isa = PBXFileReference; lastKnownFileType = text.plist.xml; path = Info.plist; sourceTree = "<group>"; };
		187D4DCD1B4D74E000C8B11A /* KYPopupControllerTests.m */ = {isa = PBXFileReference; lastKnownFileType = sourcecode.c.objc; path = KYPopupControllerTests.m; sourceTree = "<group>"; };
		187D4DFA1B4D7FB800C8B11A /* KYPopupController.h */ = {isa = PBXFileReference; fileEncoding = 4; lastKnownFileType = sourcecode.c.h; path = KYPopupController.h; sourceTree = "<group>"; };
		187D4DFB1B4D7FB800C8B11A /* KYPopupController.m */ = {isa = PBXFileReference; fileEncoding = 4; lastKnownFileType = sourcecode.c.objc; path = KYPopupController.m; sourceTree = "<group>"; };
		27746DB61B4F74E400D1B95D /* pop_delete@2x.png */ = {isa = PBXFileReference; lastKnownFileType = image.png; path = "pop_delete@2x.png"; sourceTree = "<group>"; };
		27746DB71B4F74E400D1B95D /* pop_delete@3x.png */ = {isa = PBXFileReference; lastKnownFileType = image.png; path = "pop_delete@3x.png"; sourceTree = "<group>"; };
		27746DBA1B4FBBE500D1B95D /* dark_pix_line@2x.png */ = {isa = PBXFileReference; lastKnownFileType = image.png; path = "dark_pix_line@2x.png"; sourceTree = "<group>"; };
		27746DBB1B4FBBE500D1B95D /* dark_pix_line@3x.png */ = {isa = PBXFileReference; lastKnownFileType = image.png; path = "dark_pix_line@3x.png"; sourceTree = "<group>"; };
/* End PBXFileReference section */

/* Begin PBXFrameworksBuildPhase section */
		187D4DAB1B4D74E000C8B11A /* Frameworks */ = {
			isa = PBXFrameworksBuildPhase;
			buildActionMask = 2147483647;
			files = (
			);
			runOnlyForDeploymentPostprocessing = 0;
		};
		187D4DC41B4D74E000C8B11A /* Frameworks */ = {
			isa = PBXFrameworksBuildPhase;
			buildActionMask = 2147483647;
			files = (
			);
			runOnlyForDeploymentPostprocessing = 0;
		};
/* End PBXFrameworksBuildPhase section */

/* Begin PBXGroup section */
		187D4DA51B4D74E000C8B11A = {
			isa = PBXGroup;
			children = (
				187D4DB01B4D74E000C8B11A /* KYPopupController */,
				187D4DCA1B4D74E000C8B11A /* KYPopupControllerTests */,
				187D4DAF1B4D74E000C8B11A /* Products */,
			);
			sourceTree = "<group>";
		};
		187D4DAF1B4D74E000C8B11A /* Products */ = {
			isa = PBXGroup;
			children = (
				187D4DAE1B4D74E000C8B11A /* KYPopupController.app */,
				187D4DC71B4D74E000C8B11A /* KYPopupControllerTests.xctest */,
			);
			name = Products;
			sourceTree = "<group>";
		};
		187D4DB01B4D74E000C8B11A /* KYPopupController */ = {
			isa = PBXGroup;
			children = (
				187D4DF91B4D7F7B00C8B11A /* KYPopupController */,
				187D4DB51B4D74E000C8B11A /* AppDelegate.h */,
				187D4DB61B4D74E000C8B11A /* AppDelegate.m */,
				187D4DB81B4D74E000C8B11A /* ViewController.h */,
				187D4DB91B4D74E000C8B11A /* ViewController.m */,
				187D4DBB1B4D74E000C8B11A /* Main.storyboard */,
				187D4DBE1B4D74E000C8B11A /* Images.xcassets */,
				187D4DC01B4D74E000C8B11A /* LaunchScreen.xib */,
				187D4DB11B4D74E000C8B11A /* Supporting Files */,
			);
			path = KYPopupController;
			sourceTree = "<group>";
		};
		187D4DB11B4D74E000C8B11A /* Supporting Files */ = {
			isa = PBXGroup;
			children = (
				187D4DB21B4D74E000C8B11A /* Info.plist */,
				187D4DB31B4D74E000C8B11A /* main.m */,
			);
			name = "Supporting Files";
			sourceTree = "<group>";
		};
		187D4DCA1B4D74E000C8B11A /* KYPopupControllerTests */ = {
			isa = PBXGroup;
			children = (
				187D4DCD1B4D74E000C8B11A /* KYPopupControllerTests.m */,
				187D4DCB1B4D74E000C8B11A /* Supporting Files */,
			);
			path = KYPopupControllerTests;
			sourceTree = "<group>";
		};
		187D4DCB1B4D74E000C8B11A /* Supporting Files */ = {
			isa = PBXGroup;
			children = (
				187D4DCC1B4D74E000C8B11A /* Info.plist */,
			);
			name = "Supporting Files";
			sourceTree = "<group>";
		};
		187D4DF91B4D7F7B00C8B11A /* KYPopupController */ = {
			isa = PBXGroup;
			children = (
				27746DB51B4F74E400D1B95D /* resource */,
				187D4DFA1B4D7FB800C8B11A /* KYPopupController.h */,
				187D4DFB1B4D7FB800C8B11A /* KYPopupController.m */,
			);
			path = KYPopupController;
			sourceTree = "<group>";
		};
		27746DB51B4F74E400D1B95D /* resource */ = {
			isa = PBXGroup;
			children = (
				27746DBA1B4FBBE500D1B95D /* dark_pix_line@2x.png */,
				27746DBB1B4FBBE500D1B95D /* dark_pix_line@3x.png */,
				27746DB61B4F74E400D1B95D /* pop_delete@2x.png */,
				27746DB71B4F74E400D1B95D /* pop_delete@3x.png */,
			);
			path = resource;
			sourceTree = "<group>";
		};
/* End PBXGroup section */

/* Begin PBXNativeTarget section */
		187D4DAD1B4D74E000C8B11A /* KYPopupController */ = {
			isa = PBXNativeTarget;
			buildConfigurationList = 187D4DD11B4D74E000C8B11A /* Build configuration list for PBXNativeTarget "KYPopupController" */;
			buildPhases = (
				187D4DAA1B4D74E000C8B11A /* Sources */,
				187D4DAB1B4D74E000C8B11A /* Frameworks */,
				187D4DAC1B4D74E000C8B11A /* Resources */,
			);
			buildRules = (
			);
			dependencies = (
			);
			name = KYPopupController;
			productName = KYPopupController;
			productReference = 187D4DAE1B4D74E000C8B11A /* KYPopupController.app */;
			productType = "com.apple.product-type.application";
		};
		187D4DC61B4D74E000C8B11A /* KYPopupControllerTests */ = {
			isa = PBXNativeTarget;
			buildConfigurationList = 187D4DD41B4D74E000C8B11A /* Build configuration list for PBXNativeTarget "KYPopupControllerTests" */;
			buildPhases = (
				187D4DC31B4D74E000C8B11A /* Sources */,
				187D4DC41B4D74E000C8B11A /* Frameworks */,
				187D4DC51B4D74E000C8B11A /* Resources */,
			);
			buildRules = (
			);
			dependencies = (
				187D4DC91B4D74E000C8B11A /* PBXTargetDependency */,
			);
			name = KYPopupControllerTests;
			productName = KYPopupControllerTests;
			productReference = 187D4DC71B4D74E000C8B11A /* KYPopupControllerTests.xctest */;
			productType = "com.apple.product-type.bundle.unit-test";
		};
/* End PBXNativeTarget section */

/* Begin PBXProject section */
		187D4DA61B4D74E000C8B11A /* Project object */ = {
			isa = PBXProject;
			attributes = {
				CLASSPREFIX = KY;
				LastUpgradeCheck = 0640;
				ORGANIZATIONNAME = xiaoluuu;
				TargetAttributes = {
					187D4DAD1B4D74E000C8B11A = {
						CreatedOnToolsVersion = 6.4;
					};
					187D4DC61B4D74E000C8B11A = {
						CreatedOnToolsVersion = 6.4;
						TestTargetID = 187D4DAD1B4D74E000C8B11A;
					};
				};
			};
			buildConfigurationList = 187D4DA91B4D74E000C8B11A /* Build configuration list for PBXProject "KYPopupController" */;
			compatibilityVersion = "Xcode 3.2";
			developmentRegion = English;
			hasScannedForEncodings = 0;
			knownRegions = (
				en,
				Base,
			);
			mainGroup = 187D4DA51B4D74E000C8B11A;
			productRefGroup = 187D4DAF1B4D74E000C8B11A /* Products */;
			projectDirPath = "";
			projectRoot = "";
			targets = (
				187D4DAD1B4D74E000C8B11A /* KYPopupController */,
				187D4DC61B4D74E000C8B11A /* KYPopupControllerTests */,
			);
		};
/* End PBXProject section */

/* Begin PBXResourcesBuildPhase section */
		187D4DAC1B4D74E000C8B11A /* Resources */ = {
			isa = PBXResourcesBuildPhase;
			buildActionMask = 2147483647;
			files = (
				27746DB91B4F74E400D1B95D /* pop_delete@3x.png in Resources */,
				187D4DBD1B4D74E000C8B11A /* Main.storyboard in Resources */,
				187D4DC21B4D74E000C8B11A /* LaunchScreen.xib in Resources */,
				187D4DBF1B4D74E000C8B11A /* Images.xcassets in Resources */,
				27746DBC1B4FBBE500D1B95D /* dark_pix_line@2x.png in Resources */,
				27746DBD1B4FBBE500D1B95D /* dark_pix_line@3x.png in Resources */,
				27746DB81B4F74E400D1B95D /* pop_delete@2x.png in Resources */,
			);
			runOnlyForDeploymentPostprocessing = 0;
		};
		187D4DC51B4D74E000C8B11A /* Resources */ = {
			isa = PBXResourcesBuildPhase;
			buildActionMask = 2147483647;
			files = (
			);
			runOnlyForDeploymentPostprocessing = 0;
		};
/* End PBXResourcesBuildPhase section */

/* Begin PBXSourcesBuildPhase section */
		187D4DAA1B4D74E000C8B11A /* Sources */ = {
			isa = PBXSourcesBuildPhase;
			buildActionMask = 2147483647;
			files = (
				187D4DBA1B4D74E000C8B11A /* ViewController.m in Sources */,
				187D4DB71B4D74E000C8B11A /* AppDelegate.m in Sources */,
				187D4DFC1B4D7FB800C8B11A /* KYPopupController.m in Sources */,
				187D4DB41B4D74E000C8B11A /* main.m in Sources */,
			);
			runOnlyForDeploymentPostprocessing = 0;
		};
		187D4DC31B4D74E000C8B11A /* Sources */ = {
			isa = PBXSourcesBuildPhase;
			buildActionMask = 2147483647;
			files = (
				187D4DCE1B4D74E000C8B11A /* KYPopupControllerTests.m in Sources */,
			);
			runOnlyForDeploymentPostprocessing = 0;
		};
/* End PBXSourcesBuildPhase section */

/* Begin PBXTargetDependency section */
		187D4DC91B4D74E000C8B11A /* PBXTargetDependency */ = {
			isa = PBXTargetDependency;
			target = 187D4DAD1B4D74E000C8B11A /* KYPopupController */;
			targetProxy = 187D4DC81B4D74E000C8B11A /* PBXContainerItemProxy */;
		};
/* End PBXTargetDependency section */

/* Begin PBXVariantGroup section */
		187D4DBB1B4D74E000C8B11A /* Main.storyboard */ = {
			isa = PBXVariantGroup;
			children = (
				187D4DBC1B4D74E000C8B11A /* Base */,
			);
			name = Main.storyboard;
			sourceTree = "<group>";
		};
		187D4DC01B4D74E000C8B11A /* LaunchScreen.xib */ = {
			isa = PBXVariantGroup;
			children = (
				187D4DC11B4D74E000C8B11A /* Base */,
			);
			name = LaunchScreen.xib;
			sourceTree = "<group>";
		};
/* End PBXVariantGroup section */

/* Begin XCBuildConfiguration section */
		187D4DCF1B4D74E000C8B11A /* Debug */ = {
			isa = XCBuildConfiguration;
			buildSettings = {
				ALWAYS_SEARCH_USER_PATHS = NO;
				CLANG_CXX_LANGUAGE_STANDARD = "gnu++0x";
				CLANG_CXX_LIBRARY = "libc++";
				CLANG_ENABLE_MODULES = YES;
				CLANG_ENABLE_OBJC_ARC = YES;
				CLANG_WARN_BOOL_CONVERSION = YES;
				CLANG_WARN_CONSTANT_CONVERSION = YES;
				CLANG_WARN_DIRECT_OBJC_ISA_USAGE = YES_ERROR;
				CLANG_WARN_EMPTY_BODY = YES;
				CLANG_WARN_ENUM_CONVERSION = YES;
				CLANG_WARN_INT_CONVERSION = YES;
				CLANG_WARN_OBJC_ROOT_CLASS = YES_ERROR;
				CLANG_WARN_UNREACHABLE_CODE = YES;
				CLANG_WARN__DUPLICATE_METHOD_MATCH = YES;
				"CODE_SIGN_IDENTITY[sdk=iphoneos*]" = "iPhone Developer";
				COPY_PHASE_STRIP = NO;
				DEBUG_INFORMATION_FORMAT = "dwarf-with-dsym";
				ENABLE_STRICT_OBJC_MSGSEND = YES;
				GCC_C_LANGUAGE_STANDARD = gnu99;
				GCC_DYNAMIC_NO_PIC = NO;
				GCC_NO_COMMON_BLOCKS = YES;
				GCC_OPTIMIZATION_LEVEL = 0;
				GCC_PREPROCESSOR_DEFINITIONS = (
					"DEBUG=1",
					"$(inherited)",
				);
				GCC_SYMBOLS_PRIVATE_EXTERN = NO;
				GCC_WARN_64_TO_32_BIT_CONVERSION = YES;
				GCC_WARN_ABOUT_RETURN_TYPE = YES_ERROR;
				GCC_WARN_UNDECLARED_SELECTOR = YES;
				GCC_WARN_UNINITIALIZED_AUTOS = YES_AGGRESSIVE;
				GCC_WARN_UNUSED_FUNCTION = YES;
				GCC_WARN_UNUSED_VARIABLE = YES;
				IPHONEOS_DEPLOYMENT_TARGET = 8.4;
				MTL_ENABLE_DEBUG_INFO = YES;
				ONLY_ACTIVE_ARCH = YES;
				SDKROOT = iphoneos;
			};
			name = Debug;
		};
		187D4DD01B4D74E000C8B11A /* Release */ = {
			isa = XCBuildConfiguration;
			buildSettings = {
				ALWAYS_SEARCH_USER_PATHS = NO;
				CLANG_CXX_LANGUAGE_STANDARD = "gnu++0x";
				CLANG_CXX_LIBRARY = "libc++";
				CLANG_ENABLE_MODULES = YES;
				CLANG_ENABLE_OBJC_ARC = YES;
				CLANG_WARN_BOOL_CONVERSION = YES;
				CLANG_WARN_CONSTANT_CONVERSION = YES;
				CLANG_WARN_DIRECT_OBJC_ISA_USAGE = YES_ERROR;
				CLANG_WARN_EMPTY_BODY = YES;
				CLANG_WARN_ENUM_CONVERSION = YES;
				CLANG_WARN_INT_CONVERSION = YES;
				CLANG_WARN_OBJC_ROOT_CLASS = YES_ERROR;
				CLANG_WARN_UNREACHABLE_CODE = YES;
				CLANG_WARN__DUPLICATE_METHOD_MATCH = YES;
				"CODE_SIGN_IDENTITY[sdk=iphoneos*]" = "iPhone Developer";
				COPY_PHASE_STRIP = NO;
				DEBUG_INFORMATION_FORMAT = "dwarf-with-dsym";
				ENABLE_NS_ASSERTIONS = NO;
				ENABLE_STRICT_OBJC_MSGSEND = YES;
				GCC_C_LANGUAGE_STANDARD = gnu99;
				GCC_NO_COMMON_BLOCKS = YES;
				GCC_WARN_64_TO_32_BIT_CONVERSION = YES;
				GCC_WARN_ABOUT_RETURN_TYPE = YES_ERROR;
				GCC_WARN_UNDECLARED_SELECTOR = YES;
				GCC_WARN_UNINITIALIZED_AUTOS = YES_AGGRESSIVE;
				GCC_WARN_UNUSED_FUNCTION = YES;
				GCC_WARN_UNUSED_VARIABLE = YES;
				IPHONEOS_DEPLOYMENT_TARGET = 8.4;
				MTL_ENABLE_DEBUG_INFO = NO;
				SDKROOT = iphoneos;
				VALIDATE_PRODUCT = YES;
			};
			name = Release;
		};
		187D4DD21B4D74E000C8B11A /* Debug */ = {
			isa = XCBuildConfiguration;
			buildSettings = {
				ASSETCATALOG_COMPILER_APPICON_NAME = AppIcon;
				INFOPLIST_FILE = KYPopupController/Info.plist;
				IPHONEOS_DEPLOYMENT_TARGET = 7.0;
				LD_RUNPATH_SEARCH_PATHS = "$(inherited) @executable_path/Frameworks";
				PRODUCT_NAME = "$(TARGET_NAME)";
			};
			name = Debug;
		};
		187D4DD31B4D74E000C8B11A /* Release */ = {
			isa = XCBuildConfiguration;
			buildSettings = {
				ASSETCATALOG_COMPILER_APPICON_NAME = AppIcon;
				INFOPLIST_FILE = KYPopupController/Info.plist;
				IPHONEOS_DEPLOYMENT_TARGET = 7.0;
				LD_RUNPATH_SEARCH_PATHS = "$(inherited) @executable_path/Frameworks";
				PRODUCT_NAME = "$(TARGET_NAME)";
			};
			name = Release;
		};
		187D4DD51B4D74E000C8B11A /* Debug */ = {
			isa = XCBuildConfiguration;
			buildSettings = {
				BUNDLE_LOADER = "$(TEST_HOST)";
				FRAMEWORK_SEARCH_PATHS = (
					"$(SDKROOT)/Developer/Library/Frameworks",
					"$(inherited)",
				);
				GCC_PREPROCESSOR_DEFINITIONS = (
					"DEBUG=1",
					"$(inherited)",
				);
				INFOPLIST_FILE = KYPopupControllerTests/Info.plist;
				LD_RUNPATH_SEARCH_PATHS = "$(inherited) @executable_path/Frameworks @loader_path/Frameworks";
				PRODUCT_NAME = "$(TARGET_NAME)";
				TEST_HOST = "$(BUILT_PRODUCTS_DIR)/KYPopupController.app/KYPopupController";
			};
			name = Debug;
		};
		187D4DD61B4D74E000C8B11A /* Release */ = {
			isa = XCBuildConfiguration;
			buildSettings = {
				BUNDLE_LOADER = "$(TEST_HOST)";
				FRAMEWORK_SEARCH_PATHS = (
					"$(SDKROOT)/Developer/Library/Frameworks",
					"$(inherited)",
				);
				INFOPLIST_FILE = KYPopupControllerTests/Info.plist;
				LD_RUNPATH_SEARCH_PATHS = "$(inherited) @executable_path/Frameworks @loader_path/Frameworks";
				PRODUCT_NAME = "$(TARGET_NAME)";
				TEST_HOST = "$(BUILT_PRODUCTS_DIR)/KYPopupController.app/KYPopupController";
			};
			name = Release;
		};
/* End XCBuildConfiguration section */

/* Begin XCConfigurationList section */
		187D4DA91B4D74E000C8B11A /* Build configuration list for PBXProject "KYPopupController" */ = {
			isa = XCConfigurationList;
			buildConfigurations = (
				187D4DCF1B4D74E000C8B11A /* Debug */,
				187D4DD01B4D74E000C8B11A /* Release */,
			);
			defaultConfigurationIsVisible = 0;
			defaultConfigurationName = Release;
		};
		187D4DD11B4D74E000C8B11A /* Build configuration list for PBXNativeTarget "KYPopupController" */ = {
			isa = XCConfigurationList;
			buildConfigurations = (
				187D4DD21B4D74E000C8B11A /* Debug */,
				187D4DD31B4D74E000C8B11A /* Release */,
			);
			defaultConfigurationIsVisible = 0;
			defaultConfigurationName = Release;
		};
		187D4DD41B4D74E000C8B11A /* Build configuration list for PBXNativeTarget "KYPopupControllerTests" */ = {
			isa = XCConfigurationList;
			buildConfigurations = (
				187D4DD51B4D74E000C8B11A /* Debug */,
				187D4DD61B4D74E000C8B11A /* Release */,
			);
			defaultConfigurationIsVisible = 0;
			defaultConfigurationName = Release;
		};
/* End XCConfigurationList section */
	};
	rootObject = 187D4DA61B4D74E000C8B11A /* Project object */;
}
